
Microsoft Visual Studio Solution File, Format Version 12.00
# Visual Studio Version 17
VisualStudioVersion = 17.0.31903.59
MinimumVisualStudioVersion = 10.0.40219.1
Project("{FAE04EC0-301F-11D3-BF4B-00C04F79EFBC}") = "Dispancer", "Dispancer\Dispancer.csproj", "{19989F77-8C12-F7EE-239A-08971EA87D23}"
EndProject
Project("{FAE04EC0-301F-11D3-BF4B-00C04F79EFBC}") = "Dispancer.Frontend", "Dispancer.Frontend\Dispancer.Frontend.csproj", "{1D7717FF-C052-4D79-92A3-CE7E6361CC89}"
EndProject
Global
	GlobalSection(SolutionConfigurationPlatforms) = preSolution
		Debug|Any CPU = Debug|Any CPU
		Release|Any CPU = Release|Any CPU
	EndGlobalSection
	GlobalSection(ProjectConfigurationPlatforms) = postSolution
		{19989F77-8C12-F7EE-239A-08971EA87D23}.Debug|Any CPU.ActiveCfg = Debug|Any CPU
		{19989F77-8C12-F7EE-239A-08971EA87D23}.Debug|Any CPU.Build.0 = Debug|Any CPU
		{19989F77-8C12-F7EE-239A-08971EA87D23}.Release|Any CPU.ActiveCfg = Release|Any CPU
		{19989F77-8C12-F7EE-239A-08971EA87D23}.Release|Any CPU.Build.0 = Release|Any CPU
		{1D7717FF-C052-4D79-92A3-CE7E6361CC89}.Debug|Any CPU.ActiveCfg = Debug|Any CPU
		{1D7717FF-C052-4D79-92A3-CE7E6361CC89}.Debug|Any CPU.Build.0 = Debug|Any CPU
		{1D7717FF-C052-4D79-92A3-CE7E6361CC89}.Release|Any CPU.ActiveCfg = Release|Any CPU
		{1D7717FF-C052-4D79-92A3-CE7E6361CC89}.Release|Any CPU.Build.0 = Release|Any CPU
	EndGlobalSection
	GlobalSection(SolutionProperties) = preSolution
		HideSolutionNode = FALSE
	EndGlobalSection
	GlobalSection(ExtensibilityGlobals) = postSolution
		SolutionGuid = {D1727123-BEC5-44FC-AD3D-CC6235E91EE3}
	EndGlobalSection
EndGlobal
